
Microsoft Visual Studio Solution File, Format Version 12.00
# Visual Studio 15
VisualStudioVersion = 15.0.28010.2050
MinimumVisualStudioVersion = 10.0.40219.1
Project("{FAE04EC0-301F-11D3-BF4B-00C04F79EFBC}") = "berekeningen", "berekeningen\berekeningen.csproj", "{36400E66-D69C-40AA-87F9-E5390984BFE0}"
EndProject
Global
	GlobalSection(SolutionConfigurationPlatforms) = preSolution
		Debug|Any CPU = Debug|Any CPU
		Release|Any CPU = Release|Any CPU
	EndGlobalSection
	GlobalSection(ProjectConfigurationPlatforms) = postSolution
		{36400E66-D69C-40AA-87F9-E5390984BFE0}.Debug|Any CPU.ActiveCfg = Debug|Any CPU
		{36400E66-D69C-40AA-87F9-E5390984BFE0}.Debug|Any CPU.Build.0 = Debug|Any CPU
		{36400E66-D69C-40AA-87F9-E5390984BFE0}.Release|Any CPU.ActiveCfg = Release|Any CPU
		{36400E66-D69C-40AA-87F9-E5390984BFE0}.Release|Any CPU.Build.0 = Release|Any CPU
	EndGlobalSection
	GlobalSection(SolutionProperties) = preSolution
		HideSolutionNode = FALSE
	EndGlobalSection
	GlobalSection(ExtensibilityGlobals) = postSolution
		SolutionGuid = {0E518669-E392-4404-AC42-13A65CEAF6BD}
	EndGlobalSection
EndGlobal
