
Microsoft Visual Studio Solution File, Format Version 12.00
# Visual Studio 15
VisualStudioVersion = 15.0.28010.2050
MinimumVisualStudioVersion = 10.0.40219.1
Project("{FAE04EC0-301F-11D3-BF4B-00C04F79EFBC}") = "ConsoleApp1", "ConsoleApp1\ConsoleApp1.csproj", "{EACA577F-2564-4275-A286-7E389C1767D9}"
EndProject
Global
	GlobalSection(SolutionConfigurationPlatforms) = preSolution
		Debug|Any CPU = Debug|Any CPU
		Release|Any CPU = Release|Any CPU
	EndGlobalSection
	GlobalSection(ProjectConfigurationPlatforms) = postSolution
		{EACA577F-2564-4275-A286-7E389C1767D9}.Debug|Any CPU.ActiveCfg = Debug|Any CPU
		{EACA577F-2564-4275-A286-7E389C1767D9}.Debug|Any CPU.Build.0 = Debug|Any CPU
		{EACA577F-2564-4275-A286-7E389C1767D9}.Release|Any CPU.ActiveCfg = Release|Any CPU
		{EACA577F-2564-4275-A286-7E389C1767D9}.Release|Any CPU.Build.0 = Release|Any CPU
	EndGlobalSection
	GlobalSection(SolutionProperties) = preSolution
		HideSolutionNode = FALSE
	EndGlobalSection
	GlobalSection(ExtensibilityGlobals) = postSolution
		SolutionGuid = {6B21F2DF-F22C-46E7-BE8C-B9E79C6006A2}
	EndGlobalSection
EndGlobal
